<?xml version="1.0" encoding="utf-8"?>
<Project ToolsVersion="4.0" xmlns="http://schemas.microsoft.com/developer/msbuild/2003">
  <ItemGroup>
    <Filter Include="Source Files">
      <UniqueIdentifier>{4FC737F1-C7A5-4376-A066-2A32D752A2FF}</UniqueIdentifier>
      <Extensions>cpp;c;cc;cxx;c++;cppm;ixx;def;odl;idl;hpj;bat;asm;asmx</Extensions>
    </Filter>
    <Filter Include="Header Files">
      <UniqueIdentifier>{93995380-89BD-4b04-88EB-625FBE52EBFB}</UniqueIdentifier>
      <Extensions>h;hh;hpp;hxx;h++;hm;inl;inc;ipp;xsd</Extensions>
    </Filter>
    <Filter Include="Resource Files">
      <UniqueIdentifier>{67DA6AB6-F800-4c08-8B7A-83BB121AAD01}</UniqueIdentifier>
      <Extensions>rc;ico;cur;bmp;dlg;rc2;rct;bin;rgs;gif;jpg;jpeg;jpe;resx;tiff;tif;png;wav;mfcribbon-ms</Extensions>
    </Filter>
  </ItemGroup>
  <ItemGroup>
    <ClCompile Include="main.cpp">
      <Filter>Source Files</Filter>
    </ClCompile>
    <ClCompile Include="ImGUI\imgui.cpp">
      <Filter>Source Files</Filter>
    </ClCompile>
    <ClCompile Include="ImGUI\imgui_draw.cpp">
      <Filter>Source Files</Filter>
    </ClCompile>
    <ClCompile Include="ImGUI\imgui_tables.cpp">
      <Filter>Source Files</Filter>
    </ClCompile>
    <ClCompile Include="ImGUI\imgui_widgets.cpp">
      <Filter>Source Files</Filter>
    </ClCompile>
    <ClCompile Include="ImGUI\imgui-SFML.cpp">
      <Filter>Source Files</Filter>
    </ClCompile>
    <ClCompile Include="Application.cpp">
      <Filter>Source Files</Filter>
    </ClCompile>
    <ClCompile Include="Logger.cpp">
      <Filter>Source Files</Filter>
    </ClCompile>
    <ClCompile Include="ImGUI\misc\cpp\imgui_stdlib.cpp">
      <Filter>Source Files</Filter>
    </ClCompile>
    <ClCompile Include="ImGUI\backends\imgui_impl_opengl3.cpp">
      <Filter>Source Files</Filter>
    </ClCompile>
    <ClCompile Include="ImGUI\backends\imgui_impl_opengl2.cpp">
      <Filter>Source Files</Filter>
    </ClCompile>
    <ClCompile Include="WrapText.cpp">
      <Filter>Source Files</Filter>
    </ClCompile>
  </ItemGroup>
  <ItemGroup>
    <ClInclude Include="ImGUI\imconfig.h">
      <Filter>Header Files</Filter>
    </ClInclude>
    <ClInclude Include="ImGUI\imconfig-SFML.h">
      <Filter>Header Files</Filter>
    </ClInclude>
    <ClInclude Include="ImGUI\imgui.h">
      <Filter>Header Files</Filter>
    </ClInclude>
    <ClInclude Include="ImGUI\imgui_internal.h">
      <Filter>Header Files</Filter>
    </ClInclude>
    <ClInclude Include="ImGUI\imgui-SFML.h">
      <Filter>Header Files</Filter>
    </ClInclude>
    <ClInclude Include="ImGUI\imgui-SFML_export.h">
      <Filter>Header Files</Filter>
    </ClInclude>
    <ClInclude Include="ImGUI\imstb_rectpack.h">
      <Filter>Header Files</Filter>
    </ClInclude>
    <ClInclude Include="ImGUI\imstb_textedit.h">
      <Filter>Header Files</Filter>
    </ClInclude>
    <ClInclude Include="ImGUI\imstb_truetype.h">
      <Filter>Header Files</Filter>
    </ClInclude>
    <ClInclude Include="SFML-3.0.0\include\SFML\Audio\AudioResource.hpp">
      <Filter>Header Files</Filter>
    </ClInclude>
    <ClInclude Include="SFML-3.0.0\include\SFML\Audio\Export.hpp">
      <Filter>Header Files</Filter>
    </ClInclude>
    <ClInclude Include="SFML-3.0.0\include\SFML\Audio\InputSoundFile.hpp">
      <Filter>Header Files</Filter>
    </ClInclude>
    <ClInclude Include="SFML-3.0.0\include\SFML\Audio\Listener.hpp">
      <Filter>Header Files</Filter>
    </ClInclude>
    <ClInclude Include="SFML-3.0.0\include\SFML\Audio\Music.hpp">
      <Filter>Header Files</Filter>
    </ClInclude>
    <ClInclude Include="SFML-3.0.0\include\SFML\Audio\OutputSoundFile.hpp">
      <Filter>Header Files</Filter>
    </ClInclude>
    <ClInclude Include="SFML-3.0.0\include\SFML\Audio\PlaybackDevice.hpp">
      <Filter>Header Files</Filter>
    </ClInclude>
    <ClInclude Include="SFML-3.0.0\include\SFML\Audio\Sound.hpp">
      <Filter>Header Files</Filter>
    </ClInclude>
    <ClInclude Include="SFML-3.0.0\include\SFML\Audio\SoundBuffer.hpp">
      <Filter>Header Files</Filter>
    </ClInclude>
    <ClInclude Include="SFML-3.0.0\include\SFML\Audio\SoundBufferRecorder.hpp">
      <Filter>Header Files</Filter>
    </ClInclude>
    <ClInclude Include="SFML-3.0.0\include\SFML\Audio\SoundChannel.hpp">
      <Filter>Header Files</Filter>
    </ClInclude>
    <ClInclude Include="SFML-3.0.0\include\SFML\Audio\SoundFileFactory.hpp">
      <Filter>Header Files</Filter>
    </ClInclude>
    <ClInclude Include="SFML-3.0.0\include\SFML\Audio\SoundFileReader.hpp">
      <Filter>Header Files</Filter>
    </ClInclude>
    <ClInclude Include="SFML-3.0.0\include\SFML\Audio\SoundFileWriter.hpp">
      <Filter>Header Files</Filter>
    </ClInclude>
    <ClInclude Include="SFML-3.0.0\include\SFML\Audio\SoundRecorder.hpp">
      <Filter>Header Files</Filter>
    </ClInclude>
    <ClInclude Include="SFML-3.0.0\include\SFML\Audio\SoundSource.hpp">
      <Filter>Header Files</Filter>
    </ClInclude>
    <ClInclude Include="SFML-3.0.0\include\SFML\Audio\SoundStream.hpp">
      <Filter>Header Files</Filter>
    </ClInclude>
    <ClInclude Include="SFML-3.0.0\include\SFML\Graphics\BlendMode.hpp">
      <Filter>Header Files</Filter>
    </ClInclude>
    <ClInclude Include="SFML-3.0.0\include\SFML\Graphics\CircleShape.hpp">
      <Filter>Header Files</Filter>
    </ClInclude>
    <ClInclude Include="SFML-3.0.0\include\SFML\Graphics\Color.hpp">
      <Filter>Header Files</Filter>
    </ClInclude>
    <ClInclude Include="SFML-3.0.0\include\SFML\Graphics\ConvexShape.hpp">
      <Filter>Header Files</Filter>
    </ClInclude>
    <ClInclude Include="SFML-3.0.0\include\SFML\Graphics\CoordinateType.hpp">
      <Filter>Header Files</Filter>
    </ClInclude>
    <ClInclude Include="SFML-3.0.0\include\SFML\Graphics\Drawable.hpp">
      <Filter>Header Files</Filter>
    </ClInclude>
    <ClInclude Include="SFML-3.0.0\include\SFML\Graphics\Export.hpp">
      <Filter>Header Files</Filter>
    </ClInclude>
    <ClInclude Include="SFML-3.0.0\include\SFML\Graphics\Font.hpp">
      <Filter>Header Files</Filter>
    </ClInclude>
    <ClInclude Include="SFML-3.0.0\include\SFML\Graphics\Glsl.hpp">
      <Filter>Header Files</Filter>
    </ClInclude>
    <ClInclude Include="SFML-3.0.0\include\SFML\Graphics\Glyph.hpp">
      <Filter>Header Files</Filter>
    </ClInclude>
    <ClInclude Include="SFML-3.0.0\include\SFML\Graphics\Image.hpp">
      <Filter>Header Files</Filter>
    </ClInclude>
    <ClInclude Include="SFML-3.0.0\include\SFML\Graphics\PrimitiveType.hpp">
      <Filter>Header Files</Filter>
    </ClInclude>
    <ClInclude Include="SFML-3.0.0\include\SFML\Graphics\Rect.hpp">
      <Filter>Header Files</Filter>
    </ClInclude>
    <ClInclude Include="SFML-3.0.0\include\SFML\Graphics\RectangleShape.hpp">
      <Filter>Header Files</Filter>
    </ClInclude>
    <ClInclude Include="SFML-3.0.0\include\SFML\Graphics\RenderStates.hpp">
      <Filter>Header Files</Filter>
    </ClInclude>
    <ClInclude Include="SFML-3.0.0\include\SFML\Graphics\RenderTarget.hpp">
      <Filter>Header Files</Filter>
    </ClInclude>
    <ClInclude Include="SFML-3.0.0\include\SFML\Graphics\RenderTexture.hpp">
      <Filter>Header Files</Filter>
    </ClInclude>
    <ClInclude Include="SFML-3.0.0\include\SFML\Graphics\RenderWindow.hpp">
      <Filter>Header Files</Filter>
    </ClInclude>
    <ClInclude Include="SFML-3.0.0\include\SFML\Graphics\Shader.hpp">
      <Filter>Header Files</Filter>
    </ClInclude>
    <ClInclude Include="SFML-3.0.0\include\SFML\Graphics\Shape.hpp">
      <Filter>Header Files</Filter>
    </ClInclude>
    <ClInclude Include="SFML-3.0.0\include\SFML\Graphics\Sprite.hpp">
      <Filter>Header Files</Filter>
    </ClInclude>
    <ClInclude Include="SFML-3.0.0\include\SFML\Graphics\StencilMode.hpp">
      <Filter>Header Files</Filter>
    </ClInclude>
    <ClInclude Include="SFML-3.0.0\include\SFML\Graphics\Text.hpp">
      <Filter>Header Files</Filter>
    </ClInclude>
    <ClInclude Include="SFML-3.0.0\include\SFML\Graphics\Texture.hpp">
      <Filter>Header Files</Filter>
    </ClInclude>
    <ClInclude Include="SFML-3.0.0\include\SFML\Graphics\Transform.hpp">
      <Filter>Header Files</Filter>
    </ClInclude>
    <ClInclude Include="SFML-3.0.0\include\SFML\Graphics\Transformable.hpp">
      <Filter>Header Files</Filter>
    </ClInclude>
    <ClInclude Include="SFML-3.0.0\include\SFML\Graphics\Vertex.hpp">
      <Filter>Header Files</Filter>
    </ClInclude>
    <ClInclude Include="SFML-3.0.0\include\SFML\Graphics\VertexArray.hpp">
      <Filter>Header Files</Filter>
    </ClInclude>
    <ClInclude Include="SFML-3.0.0\include\SFML\Graphics\VertexBuffer.hpp">
      <Filter>Header Files</Filter>
    </ClInclude>
    <ClInclude Include="SFML-3.0.0\include\SFML\Graphics\View.hpp">
      <Filter>Header Files</Filter>
    </ClInclude>
    <ClInclude Include="SFML-3.0.0\include\SFML\Network\Export.hpp">
      <Filter>Header Files</Filter>
    </ClInclude>
    <ClInclude Include="SFML-3.0.0\include\SFML\Network\Ftp.hpp">
      <Filter>Header Files</Filter>
    </ClInclude>
    <ClInclude Include="SFML-3.0.0\include\SFML\Network\Http.hpp">
      <Filter>Header Files</Filter>
    </ClInclude>
    <ClInclude Include="SFML-3.0.0\include\SFML\Network\IpAddress.hpp">
      <Filter>Header Files</Filter>
    </ClInclude>
    <ClInclude Include="SFML-3.0.0\include\SFML\Network\Packet.hpp">
      <Filter>Header Files</Filter>
    </ClInclude>
    <ClInclude Include="SFML-3.0.0\include\SFML\Network\Socket.hpp">
      <Filter>Header Files</Filter>
    </ClInclude>
    <ClInclude Include="SFML-3.0.0\include\SFML\Network\SocketHandle.hpp">
      <Filter>Header Files</Filter>
    </ClInclude>
    <ClInclude Include="SFML-3.0.0\include\SFML\Network\SocketSelector.hpp">
      <Filter>Header Files</Filter>
    </ClInclude>
    <ClInclude Include="SFML-3.0.0\include\SFML\Network\TcpListener.hpp">
      <Filter>Header Files</Filter>
    </ClInclude>
    <ClInclude Include="SFML-3.0.0\include\SFML\Network\TcpSocket.hpp">
      <Filter>Header Files</Filter>
    </ClInclude>
    <ClInclude Include="SFML-3.0.0\include\SFML\Network\UdpSocket.hpp">
      <Filter>Header Files</Filter>
    </ClInclude>
    <ClInclude Include="SFML-3.0.0\include\SFML\System\Angle.hpp">
      <Filter>Header Files</Filter>
    </ClInclude>
    <ClInclude Include="SFML-3.0.0\include\SFML\System\Clock.hpp">
      <Filter>Header Files</Filter>
    </ClInclude>
    <ClInclude Include="SFML-3.0.0\include\SFML\System\Err.hpp">
      <Filter>Header Files</Filter>
    </ClInclude>
    <ClInclude Include="SFML-3.0.0\include\SFML\System\Exception.hpp">
      <Filter>Header Files</Filter>
    </ClInclude>
    <ClInclude Include="SFML-3.0.0\include\SFML\System\Export.hpp">
      <Filter>Header Files</Filter>
    </ClInclude>
    <ClInclude Include="SFML-3.0.0\include\SFML\System\FileInputStream.hpp">
      <Filter>Header Files</Filter>
    </ClInclude>
    <ClInclude Include="SFML-3.0.0\include\SFML\System\InputStream.hpp">
      <Filter>Header Files</Filter>
    </ClInclude>
    <ClInclude Include="SFML-3.0.0\include\SFML\System\MemoryInputStream.hpp">
      <Filter>Header Files</Filter>
    </ClInclude>
    <ClInclude Include="SFML-3.0.0\include\SFML\System\NativeActivity.hpp">
      <Filter>Header Files</Filter>
    </ClInclude>
    <ClInclude Include="SFML-3.0.0\include\SFML\System\Sleep.hpp">
      <Filter>Header Files</Filter>
    </ClInclude>
    <ClInclude Include="SFML-3.0.0\include\SFML\System\String.hpp">
      <Filter>Header Files</Filter>
    </ClInclude>
    <ClInclude Include="SFML-3.0.0\include\SFML\System\SuspendAwareClock.hpp">
      <Filter>Header Files</Filter>
    </ClInclude>
    <ClInclude Include="SFML-3.0.0\include\SFML\System\Time.hpp">
      <Filter>Header Files</Filter>
    </ClInclude>
    <ClInclude Include="SFML-3.0.0\include\SFML\System\Utf.hpp">
      <Filter>Header Files</Filter>
    </ClInclude>
    <ClInclude Include="SFML-3.0.0\include\SFML\System\Vector2.hpp">
      <Filter>Header Files</Filter>
    </ClInclude>
    <ClInclude Include="SFML-3.0.0\include\SFML\System\Vector3.hpp">
      <Filter>Header Files</Filter>
    </ClInclude>
    <ClInclude Include="SFML-3.0.0\include\SFML\Window\Clipboard.hpp">
      <Filter>Header Files</Filter>
    </ClInclude>
    <ClInclude Include="SFML-3.0.0\include\SFML\Window\Context.hpp">
      <Filter>Header Files</Filter>
    </ClInclude>
    <ClInclude Include="SFML-3.0.0\include\SFML\Window\ContextSettings.hpp">
      <Filter>Header Files</Filter>
    </ClInclude>
    <ClInclude Include="SFML-3.0.0\include\SFML\Window\Cursor.hpp">
      <Filter>Header Files</Filter>
    </ClInclude>
    <ClInclude Include="SFML-3.0.0\include\SFML\Window\Event.hpp">
      <Filter>Header Files</Filter>
    </ClInclude>
    <ClInclude Include="SFML-3.0.0\include\SFML\Window\Export.hpp">
      <Filter>Header Files</Filter>
    </ClInclude>
    <ClInclude Include="SFML-3.0.0\include\SFML\Window\GlResource.hpp">
      <Filter>Header Files</Filter>
    </ClInclude>
    <ClInclude Include="SFML-3.0.0\include\SFML\Window\Joystick.hpp">
      <Filter>Header Files</Filter>
    </ClInclude>
    <ClInclude Include="SFML-3.0.0\include\SFML\Window\Keyboard.hpp">
      <Filter>Header Files</Filter>
    </ClInclude>
    <ClInclude Include="SFML-3.0.0\include\SFML\Window\Mouse.hpp">
      <Filter>Header Files</Filter>
    </ClInclude>
    <ClInclude Include="SFML-3.0.0\include\SFML\Window\Sensor.hpp">
      <Filter>Header Files</Filter>
    </ClInclude>
    <ClInclude Include="SFML-3.0.0\include\SFML\Window\Touch.hpp">
      <Filter>Header Files</Filter>
    </ClInclude>
    <ClInclude Include="SFML-3.0.0\include\SFML\Window\VideoMode.hpp">
      <Filter>Header Files</Filter>
    </ClInclude>
    <ClInclude Include="SFML-3.0.0\include\SFML\Window\Vulkan.hpp">
      <Filter>Header Files</Filter>
    </ClInclude>
    <ClInclude Include="SFML-3.0.0\include\SFML\Window\Window.hpp">
      <Filter>Header Files</Filter>
    </ClInclude>
    <ClInclude Include="SFML-3.0.0\include\SFML\Window\WindowBase.hpp">
      <Filter>Header Files</Filter>
    </ClInclude>
    <ClInclude Include="SFML-3.0.0\include\SFML\Window\WindowEnums.hpp">
      <Filter>Header Files</Filter>
    </ClInclude>
    <ClInclude Include="SFML-3.0.0\include\SFML\Window\WindowHandle.hpp">
      <Filter>Header Files</Filter>
    </ClInclude>
    <ClInclude Include="SFML-3.0.0\include\SFML\Audio.hpp">
      <Filter>Header Files</Filter>
    </ClInclude>
    <ClInclude Include="SFML-3.0.0\include\SFML\Config.hpp">
      <Filter>Header Files</Filter>
    </ClInclude>
    <ClInclude Include="SFML-3.0.0\include\SFML\GpuPreference.hpp">
      <Filter>Header Files</Filter>
    </ClInclude>
    <ClInclude Include="SFML-3.0.0\include\SFML\Graphics.hpp">
      <Filter>Header Files</Filter>
    </ClInclude>
    <ClInclude Include="SFML-3.0.0\include\SFML\Main.hpp">
      <Filter>Header Files</Filter>
    </ClInclude>
    <ClInclude Include="SFML-3.0.0\include\SFML\Network.hpp">
      <Filter>Header Files</Filter>
    </ClInclude>
    <ClInclude Include="SFML-3.0.0\include\SFML\OpenGL.hpp">
      <Filter>Header Files</Filter>
    </ClInclude>
    <ClInclude Include="SFML-3.0.0\include\SFML\System.hpp">
      <Filter>Header Files</Filter>
    </ClInclude>
    <ClInclude Include="SFML-3.0.0\include\SFML\Window.hpp">
      <Filter>Header Files</Filter>
    </ClInclude>
    <ClInclude Include="config.hpp">
      <Filter>Header Files</Filter>
    </ClInclude>
    <ClInclude Include="Application.hpp">
      <Filter>Header Files</Filter>
    </ClInclude>
    <ClInclude Include="Logger.hpp">
      <Filter>Header Files</Filter>
    </ClInclude>
    <ClInclude Include="ImGUI\misc\cpp\imgui_stdlib.h">
      <Filter>Header Files</Filter>
    </ClInclude>
    <ClInclude Include="ImGUI\backends\imgui_impl_sdl2.h">
      <Filter>Header Files</Filter>
    </ClInclude>
    <ClInclude Include="ImGUI\backends\imgui_impl_opengl3.h">
      <Filter>Header Files</Filter>
    </ClInclude>
    <ClInclude Include="ImGUI\backends\imgui_impl_opengl2.h">
      <Filter>Header Files</Filter>
    </ClInclude>
    <ClInclude Include="WrapText.hpp">
      <Filter>Header Files</Filter>
    </ClInclude>
  </ItemGroup>
  <ItemGroup>
    <None Include="SFML-3.0.0\include\SFML\Audio\SoundFileFactory.inl">
      <Filter>Header Files</Filter>
    </None>
    <None Include="SFML-3.0.0\include\SFML\Graphics\Color.inl">
      <Filter>Header Files</Filter>
    </None>
    <None Include="SFML-3.0.0\include\SFML\Graphics\Glsl.inl">
      <Filter>Header Files</Filter>
    </None>
    <None Include="SFML-3.0.0\include\SFML\Graphics\Rect.inl">
      <Filter>Header Files</Filter>
    </None>
    <None Include="SFML-3.0.0\include\SFML\Graphics\Transform.inl">
      <Filter>Header Files</Filter>
    </None>
    <None Include="SFML-3.0.0\include\SFML\System\Angle.inl">
      <Filter>Header Files</Filter>
    </None>
    <None Include="SFML-3.0.0\include\SFML\System\String.inl">
      <Filter>Header Files</Filter>
    </None>
    <None Include="SFML-3.0.0\include\SFML\System\Time.inl">
      <Filter>Header Files</Filter>
    </None>
    <None Include="SFML-3.0.0\include\SFML\System\Utf.inl">
      <Filter>Header Files</Filter>
    </None>
    <None Include="SFML-3.0.0\include\SFML\System\Vector2.inl">
      <Filter>Header Files</Filter>
    </None>
    <None Include="SFML-3.0.0\include\SFML\System\Vector3.inl">
      <Filter>Header Files</Filter>
    </None>
    <None Include="SFML-3.0.0\include\SFML\Window\Event.inl">
      <Filter>Header Files</Filter>
    </None>
    <None Include="SFML-3.0.0\include\SFML\Window\WindowBase.inl">
      <Filter>Header Files</Filter>
    </None>
    <None Include="sfml-audio-3.dll" />
    <None Include="sfml-graphics-3.dll" />
    <None Include="sfml-audio-d-3.dll" />
    <None Include="sfml-graphics-d-3.dll" />
    <None Include="sfml-network-3.dll" />
    <None Include="sfml-network-d-3.dll" />
    <None Include="sfml-system-3.dll" />
    <None Include="sfml-system-d-3.dll" />
    <None Include="sfml-window-3.dll" />
    <None Include="sfml-window-d-3.dll" />
    <None Include="SFML-3.0.0\bin\sfml-audio-3.dll" />
    <None Include="SFML-3.0.0\bin\sfml-audio-d-3.dll" />
    <None Include="SFML-3.0.0\bin\sfml-graphics-3.dll" />
    <None Include="SFML-3.0.0\bin\sfml-graphics-d-3.dll" />
    <None Include="SFML-3.0.0\bin\sfml-network-3.dll" />
    <None Include="SFML-3.0.0\bin\sfml-network-d-3.dll" />
    <None Include="SFML-3.0.0\bin\sfml-system-3.dll" />
    <None Include="SFML-3.0.0\bin\sfml-system-d-3.dll" />
    <None Include="SFML-3.0.0\bin\sfml-window-3.dll" />
    <None Include="SFML-3.0.0\bin\sfml-window-d-3.dll" />
    <None Include="README.md" />
  </ItemGroup>
  <ItemGroup>
    <Text Include="log.txt" />
  </ItemGroup>
</Project>